
Microsoft Visual Studio Solution File, Format Version 12.00
# Visual Studio Version 16
VisualStudioVersion = 16.0.29613.14
MinimumVisualStudioVersion = 10.0.40219.1
Project("{9A19103F-16F7-4668-BE54-9A1E7A4F7556}") = "DatingApp.Api", "DatingApp.Api\DatingApp.Api.csproj", "{82E6D893-3480-4CC3-9171-6F9FE689E8A4}"
EndProject
Project("{9A19103F-16F7-4668-BE54-9A1E7A4F7556}") = "DatingApp.DataAccess", "DatingApp.DataAccess\DatingApp.DataAccess.csproj", "{7F2133A8-68ED-4FEA-8DB4-E542E2BD0B72}"
EndProject
Project("{E24C65DC-7377-472B-9ABA-BC803B73C61A}") = "DatingApp-Spa", "DatingApp-Spa\", "{669AC791-1630-4847-B248-42F47F70EFD6}"
	ProjectSection(WebsiteProperties) = preProject
		TargetFrameworkMoniker = ".NETFramework,Version%3Dv4.0"
		Debug.AspNetCompiler.VirtualPath = "/localhost_60623"
		Debug.AspNetCompiler.PhysicalPath = "DatingApp-Spa\"
		Debug.AspNetCompiler.TargetPath = "PrecompiledWeb\localhost_60623\"
		Debug.AspNetCompiler.Updateable = "true"
		Debug.AspNetCompiler.ForceOverwrite = "true"
		Debug.AspNetCompiler.FixedNames = "false"
		Debug.AspNetCompiler.Debug = "True"
		Release.AspNetCompiler.VirtualPath = "/localhost_60623"
		Release.AspNetCompiler.PhysicalPath = "DatingApp-Spa\"
		Release.AspNetCompiler.TargetPath = "PrecompiledWeb\localhost_60623\"
		Release.AspNetCompiler.Updateable = "true"
		Release.AspNetCompiler.ForceOverwrite = "true"
		Release.AspNetCompiler.FixedNames = "false"
		Release.AspNetCompiler.Debug = "False"
		VWDPort = "60623"
		SlnRelativePath = "DatingApp-Spa\"
	EndProjectSection
EndProject
Project("{9A19103F-16F7-4668-BE54-9A1E7A4F7556}") = "DatingApp.Models", "DatingApp.Models\DatingApp.Models.csproj", "{347B2AC5-2116-448E-9B25-9714ECF43F98}"
EndProject
Global
	GlobalSection(SolutionConfigurationPlatforms) = preSolution
		Debug|Any CPU = Debug|Any CPU
		Release|Any CPU = Release|Any CPU
	EndGlobalSection
	GlobalSection(ProjectConfigurationPlatforms) = postSolution
		{82E6D893-3480-4CC3-9171-6F9FE689E8A4}.Debug|Any CPU.ActiveCfg = Debug|Any CPU
		{82E6D893-3480-4CC3-9171-6F9FE689E8A4}.Debug|Any CPU.Build.0 = Debug|Any CPU
		{82E6D893-3480-4CC3-9171-6F9FE689E8A4}.Release|Any CPU.ActiveCfg = Release|Any CPU
		{82E6D893-3480-4CC3-9171-6F9FE689E8A4}.Release|Any CPU.Build.0 = Release|Any CPU
		{7F2133A8-68ED-4FEA-8DB4-E542E2BD0B72}.Debug|Any CPU.ActiveCfg = Debug|Any CPU
		{7F2133A8-68ED-4FEA-8DB4-E542E2BD0B72}.Debug|Any CPU.Build.0 = Debug|Any CPU
		{7F2133A8-68ED-4FEA-8DB4-E542E2BD0B72}.Release|Any CPU.ActiveCfg = Release|Any CPU
		{7F2133A8-68ED-4FEA-8DB4-E542E2BD0B72}.Release|Any CPU.Build.0 = Release|Any CPU
		{669AC791-1630-4847-B248-42F47F70EFD6}.Debug|Any CPU.ActiveCfg = Debug|Any CPU
		{669AC791-1630-4847-B248-42F47F70EFD6}.Debug|Any CPU.Build.0 = Debug|Any CPU
		{669AC791-1630-4847-B248-42F47F70EFD6}.Release|Any CPU.ActiveCfg = Debug|Any CPU
		{669AC791-1630-4847-B248-42F47F70EFD6}.Release|Any CPU.Build.0 = Debug|Any CPU
		{347B2AC5-2116-448E-9B25-9714ECF43F98}.Debug|Any CPU.ActiveCfg = Debug|Any CPU
		{347B2AC5-2116-448E-9B25-9714ECF43F98}.Debug|Any CPU.Build.0 = Debug|Any CPU
		{347B2AC5-2116-448E-9B25-9714ECF43F98}.Release|Any CPU.ActiveCfg = Release|Any CPU
		{347B2AC5-2116-448E-9B25-9714ECF43F98}.Release|Any CPU.Build.0 = Release|Any CPU
	EndGlobalSection
	GlobalSection(SolutionProperties) = preSolution
		HideSolutionNode = FALSE
	EndGlobalSection
	GlobalSection(ExtensibilityGlobals) = postSolution
		SolutionGuid = {6FEECF44-B496-4D80-81FC-D7A96614A9C9}
	EndGlobalSection
EndGlobal
